
Microsoft Visual Studio Solution File, Format Version 12.00
# Visual Studio Version 17
VisualStudioVersion = 17.14.36221.1
MinimumVisualStudioVersion = 10.0.40219.1
Project("{8BC9CEB8-8B4A-11D0-8D11-00A0C91BC942}") = "App", "T_ConsoleLab\T_ConsoleLab.vcxproj", "{B68A856C-109D-4B9D-9E5F-977D6A49730A}"
EndProject
Project("{8BC9CEB8-8B4A-11D0-8D11-00A0C91BC942}") = "tests", "tests\tests.vcxproj", "{58F0E76E-E2BE-47AD-94CE-23BDD158FC88}"
EndProject
Global
	GlobalSection(SolutionConfigurationPlatforms) = preSolution
		Debug|x64 = Debug|x64
		Debug|x86 = Debug|x86
		Release|x64 = Release|x64
		Release|x86 = Release|x86
	EndGlobalSection
	GlobalSection(ProjectConfigurationPlatforms) = postSolution
		{B68A856C-109D-4B9D-9E5F-977D6A49730A}.Debug|x64.ActiveCfg = Debug|x64
		{B68A856C-109D-4B9D-9E5F-977D6A49730A}.Debug|x64.Build.0 = Debug|x64
		{B68A856C-109D-4B9D-9E5F-977D6A49730A}.Debug|x86.ActiveCfg = Debug|Win32
		{B68A856C-109D-4B9D-9E5F-977D6A49730A}.Debug|x86.Build.0 = Debug|Win32
		{B68A856C-109D-4B9D-9E5F-977D6A49730A}.Release|x64.ActiveCfg = Release|x64
		{B68A856C-109D-4B9D-9E5F-977D6A49730A}.Release|x64.Build.0 = Release|x64
		{B68A856C-109D-4B9D-9E5F-977D6A49730A}.Release|x86.ActiveCfg = Release|Win32
		{B68A856C-109D-4B9D-9E5F-977D6A49730A}.Release|x86.Build.0 = Release|Win32
		{58F0E76E-E2BE-47AD-94CE-23BDD158FC88}.Debug|x64.ActiveCfg = Debug|x64
		{58F0E76E-E2BE-47AD-94CE-23BDD158FC88}.Debug|x64.Build.0 = Debug|x64
		{58F0E76E-E2BE-47AD-94CE-23BDD158FC88}.Debug|x86.ActiveCfg = Debug|Win32
		{58F0E76E-E2BE-47AD-94CE-23BDD158FC88}.Debug|x86.Build.0 = Debug|Win32
		{58F0E76E-E2BE-47AD-94CE-23BDD158FC88}.Release|x64.ActiveCfg = Release|x64
		{58F0E76E-E2BE-47AD-94CE-23BDD158FC88}.Release|x64.Build.0 = Release|x64
		{58F0E76E-E2BE-47AD-94CE-23BDD158FC88}.Release|x86.ActiveCfg = Release|Win32
		{58F0E76E-E2BE-47AD-94CE-23BDD158FC88}.Release|x86.Build.0 = Release|Win32
	EndGlobalSection
	GlobalSection(SolutionProperties) = preSolution
		HideSolutionNode = FALSE
	EndGlobalSection
	GlobalSection(ExtensibilityGlobals) = postSolution
		SolutionGuid = {D3207E96-AC47-418C-BDA3-1DE890049780}
	EndGlobalSection
EndGlobal
