
Microsoft Visual Studio Solution File, Format Version 12.00
# Visual Studio Version 17
VisualStudioVersion = 17.14.36221.1
MinimumVisualStudioVersion = 10.0.40219.1
Project("{8BC9CEB8-8B4A-11D0-8D11-00A0C91BC942}") = "S_ConsoleLab", "S_ConsoleLab\S_ConsoleLab.vcxproj", "{26543594-A5A9-33EA-A7A4-B373B8708696}"
EndProject
Global
	GlobalSection(SolutionConfigurationPlatforms) = preSolution
		Debug|x64 = Debug|x64
		Debug|x86 = Debug|x86
		Release|x64 = Release|x64
		Release|x86 = Release|x86
	EndGlobalSection
	GlobalSection(ProjectConfigurationPlatforms) = postSolution
		{26543594-A5A9-33EA-A7A4-B373B8708696}.Debug|x64.ActiveCfg = Debug|x64
		{26543594-A5A9-33EA-A7A4-B373B8708696}.Debug|x64.Build.0 = Debug|x64
		{26543594-A5A9-33EA-A7A4-B373B8708696}.Debug|x86.ActiveCfg = Debug|Win32
		{26543594-A5A9-33EA-A7A4-B373B8708696}.Debug|x86.Build.0 = Debug|Win32
		{26543594-A5A9-33EA-A7A4-B373B8708696}.Release|x64.ActiveCfg = Release|x64
		{26543594-A5A9-33EA-A7A4-B373B8708696}.Release|x64.Build.0 = Release|x64
		{26543594-A5A9-33EA-A7A4-B373B8708696}.Release|x86.ActiveCfg = Release|Win32
		{26543594-A5A9-33EA-A7A4-B373B8708696}.Release|x86.Build.0 = Release|Win32
	EndGlobalSection
	GlobalSection(SolutionProperties) = preSolution
		HideSolutionNode = FALSE
	EndGlobalSection
	GlobalSection(ExtensibilityGlobals) = postSolution
		SolutionGuid = {B71EC389-B3B9-41A3-9ED2-91AF36D16A64}
	EndGlobalSection
EndGlobal
